
Microsoft Visual Studio Solution File, Format Version 12.00
Project("{FAE04EC0-301F-11D3-BF4B-00C04F79EFBC}") = "Vitor Campos da Silva", "Vitor Campos da Silva\Vitor Campos da Silva.csproj", "{A1DEAC58-00DC-4C18-B489-6BF7C8889A1A}"
EndProject
Global
	GlobalSection(SolutionConfigurationPlatforms) = preSolution
		Debug|Any CPU = Debug|Any CPU
		Release|Any CPU = Release|Any CPU
	EndGlobalSection
	GlobalSection(ProjectConfigurationPlatforms) = postSolution
		{A1DEAC58-00DC-4C18-B489-6BF7C8889A1A}.Debug|Any CPU.ActiveCfg = Debug|Any CPU
		{A1DEAC58-00DC-4C18-B489-6BF7C8889A1A}.Debug|Any CPU.Build.0 = Debug|Any CPU
		{A1DEAC58-00DC-4C18-B489-6BF7C8889A1A}.Release|Any CPU.ActiveCfg = Release|Any CPU
		{A1DEAC58-00DC-4C18-B489-6BF7C8889A1A}.Release|Any CPU.Build.0 = Release|Any CPU
	EndGlobalSection
EndGlobal
